{
  "originHash" : "35905b8934b4fd754cc19d62d5ef02c1149749f3e406b96086e5d5473417e882",
  "pins" : [
    {
      "identity" : "ax-kit",
      "kind" : "remoteSourceControl",
      "location" : "https://github.com/Akazm/ax-kit",
      "state" : {
        "revision" : "92096e6928d3474a6e6546241d2e3575495ec361",
        "version" : "1.2.0"
      }
    },
    {
      "identity" : "swift-atomics",
      "kind" : "remoteSourceControl",
      "location" : "https://github.com/apple/swift-atomics.git",
      "state" : {
        "revision" : "cd142fd2f64be2100422d658e7411e39489da985",
        "version" : "1.2.0"
      }
    },
    {
      "identity" : "swift-mutex",
      "kind" : "remoteSourceControl",
      "location" : "https://github.com/swhitty/swift-mutex",
      "state" : {
        "revision" : "44bbc8c4ed4e123fe34f687f1741e6c46c0b62b7",
        "version" : "0.0.5"
      }
    },
    {
      "identity" : "swiftformat",
      "kind" : "remoteSourceControl",
      "location" : "https://github.com/nicklockwood/SwiftFormat",
      "state" : {
        "revision" : "468a7d32dedc8d352c191594b3b45d9fd8ba291b",
        "version" : "0.55.5"
      }
    }
  ],
  "version" : 3
}
